hash: ad1b67f167c17dfd5baca42cb4ca5741e05fb63d5c34f9728243521623e5cc49
updated: 2017-09-24T18:42:16.1887222-04:00
imports:
- name: cloud.google.com/go
  version: da30b6d6aeb462b223228cc0b4e7952cba499d90
  subpackages:
  - compute/metadata
- name: github.com/cockroachdb/apd
  version: b1ce49cb2a474f4416531e7395373eaafaa4fbe2
- name: github.com/golang/protobuf
  version: 130e6b02ab059e7b717a096f397c5b60111cae74
  subpackages:
  - proto
- name: github.com/leekchan/accounting
  version: 68e54ba46cf7a77532354c6f4cc0fac3bfbe5095
- name: github.com/pkg/errors
  version: 2b3a18b5f0fb6b4f9190549597d3f962c02bc5eb
- name: github.com/sirupsen/logrus
  version: f006c2ac4710855cf0f916dd6b77acf6b048dc6e
- name: github.com/spf13/cobra
  version: b78744579491c1ceeaaa3b40205e56b0591b93a3
- name: golang.org/x/crypto
  version: 7d9177d70076375b9a59c8fde23d52d9c4a7ecd5
  subpackages:
  - ssh/terminal
- name: golang.org/x/net
  version: 0744d001aa8470aaa53df28d32e5ceeb8af9bd70
  subpackages:
  - context
  - context/ctxhttp
- name: golang.org/x/oauth2
  version: 13449ad91cb26cb47661c1b080790392170385fd
  subpackages:
  - google
  - internal
  - jws
  - jwt
- name: golang.org/x/sys
  version: 429f518978ab01db8bb6f44b66785088e7fba58b
  subpackages:
  - unix
  - windows
- name: google.golang.org/api
  version: cec5cc05d57604ba2d2eaaf5381d3248fac4814d
  subpackages:
  - gensupport
  - gmail
  - gmail/v1
  - googleapi
  - googleapi/internal/uritemplates
  - sheets
  - sheets/v4
- name: google.golang.org/appengine
  version: 24e4144ec923c2374f6b06610c0df16a9222c3d9
  subpackages:
  - internal
  - internal/app_identity
  - internal/base
  - internal/datastore
  - internal/log
  - internal/modules
  - internal/remote_api
  - internal/urlfetch
  - urlfetch
testImports: []
